
Microsoft Visual Studio Solution File, Format Version 12.00
# Visual Studio Version 16
VisualStudioVersion = 16.0.30907.101
MinimumVisualStudioVersion = 10.0.40219.1
Project("{FAE04EC0-301F-11D3-BF4B-00C04F79EFBC}") = "ForGitHub", "ForGitHub\ForGitHub.csproj", "{21FF07FC-E232-4698-A7AF-00820FF1D9F5}"
EndProject
Global
	GlobalSection(SolutionConfigurationPlatforms) = preSolution
		Debug|Any CPU = Debug|Any CPU
		Release|Any CPU = Release|Any CPU
	EndGlobalSection
	GlobalSection(ProjectConfigurationPlatforms) = postSolution
		{21FF07FC-E232-4698-A7AF-00820FF1D9F5}.Debug|Any CPU.ActiveCfg = Debug|Any CPU
		{21FF07FC-E232-4698-A7AF-00820FF1D9F5}.Debug|Any CPU.Build.0 = Debug|Any CPU
		{21FF07FC-E232-4698-A7AF-00820FF1D9F5}.Release|Any CPU.ActiveCfg = Release|Any CPU
		{21FF07FC-E232-4698-A7AF-00820FF1D9F5}.Release|Any CPU.Build.0 = Release|Any CPU
	EndGlobalSection
	GlobalSection(SolutionProperties) = preSolution
		HideSolutionNode = FALSE
	EndGlobalSection
	GlobalSection(ExtensibilityGlobals) = postSolution
		SolutionGuid = {CE8D2C4C-C19C-4B1F-B865-506CD352A359}
	EndGlobalSection
EndGlobal
